
Microsoft Visual Studio Solution File, Format Version 12.00
# Visual Studio Version 16
VisualStudioVersion = 16.0.32413.511
MinimumVisualStudioVersion = 10.0.40219.1
Project("{9A19103F-16F7-4668-BE54-9A1E7A4F7556}") = "RouteServiceApp.API", "RouteServiceApp.API\RouteServiceApp.API.csproj", "{3078CD5F-14F8-43B8-B87D-0B314EB1A66C}"
EndProject
Project("{9A19103F-16F7-4668-BE54-9A1E7A4F7556}") = "RouteServiceAPP.Infrastructure", "RouteServiceAPP.Infrastructure\RouteServiceAPP.Infrastructure.csproj", "{4AC68897-C870-483D-964B-51FE159CA1CB}"
EndProject
Project("{9A19103F-16F7-4668-BE54-9A1E7A4F7556}") = "RouteServiceAPP.Domain", "RouteServiceAPP.Domain\RouteServiceAPP.Domain.csproj", "{CE5BE6CA-83BD-4AEE-9D8A-305CA88BE55E}"
EndProject
Project("{9A19103F-16F7-4668-BE54-9A1E7A4F7556}") = "RouteServiceAPP.Application", "RouteServiceAPP.Application\RouteServiceAPP.Application.csproj", "{3ABBB356-C3D2-4BF4-A183-F10C84473453}"
EndProject
Project("{2150E333-8FDC-42A3-9474-1A3956D46DE8}") = "Migrations", "Migrations", "{A8DA6965-040E-4E53-9330-F0C48504035F}"
EndProject
Project("{9A19103F-16F7-4668-BE54-9A1E7A4F7556}") = "RouteServiceApp.DbProviderConfiguration", "RouteServiceApp.DbProvider\RouteServiceApp.DbProviderConfiguration.csproj", "{BDFC5D7D-5AD0-45B9-BF94-21D130F73EB5}"
EndProject
Project("{FAE04EC0-301F-11D3-BF4B-00C04F79EFBC}") = "MsSqlMigrations", "Migrations\MsSqlMigrations\MsSqlMigrations.csproj", "{E3B27499-1CAD-482D-A8CF-7D4070C50D5E}"
EndProject
Project("{9A19103F-16F7-4668-BE54-9A1E7A4F7556}") = "SqliteMigrations", "Migrations\SqliteMigrations\SqliteMigrations.csproj", "{B1CDCCD6-42C2-4142-A2C8-1821BAC0BE3D}"
EndProject
Global
	GlobalSection(SolutionConfigurationPlatforms) = preSolution
		Debug|Any CPU = Debug|Any CPU
		Release|Any CPU = Release|Any CPU
	EndGlobalSection
	GlobalSection(ProjectConfigurationPlatforms) = postSolution
		{3078CD5F-14F8-43B8-B87D-0B314EB1A66C}.Debug|Any CPU.ActiveCfg = Debug|Any CPU
		{3078CD5F-14F8-43B8-B87D-0B314EB1A66C}.Debug|Any CPU.Build.0 = Debug|Any CPU
		{3078CD5F-14F8-43B8-B87D-0B314EB1A66C}.Release|Any CPU.ActiveCfg = Release|Any CPU
		{3078CD5F-14F8-43B8-B87D-0B314EB1A66C}.Release|Any CPU.Build.0 = Release|Any CPU
		{4AC68897-C870-483D-964B-51FE159CA1CB}.Debug|Any CPU.ActiveCfg = Debug|Any CPU
		{4AC68897-C870-483D-964B-51FE159CA1CB}.Debug|Any CPU.Build.0 = Debug|Any CPU
		{4AC68897-C870-483D-964B-51FE159CA1CB}.Release|Any CPU.ActiveCfg = Release|Any CPU
		{4AC68897-C870-483D-964B-51FE159CA1CB}.Release|Any CPU.Build.0 = Release|Any CPU
		{CE5BE6CA-83BD-4AEE-9D8A-305CA88BE55E}.Debug|Any CPU.ActiveCfg = Debug|Any CPU
		{CE5BE6CA-83BD-4AEE-9D8A-305CA88BE55E}.Debug|Any CPU.Build.0 = Debug|Any CPU
		{CE5BE6CA-83BD-4AEE-9D8A-305CA88BE55E}.Release|Any CPU.ActiveCfg = Release|Any CPU
		{CE5BE6CA-83BD-4AEE-9D8A-305CA88BE55E}.Release|Any CPU.Build.0 = Release|Any CPU
		{3ABBB356-C3D2-4BF4-A183-F10C84473453}.Debug|Any CPU.ActiveCfg = Debug|Any CPU
		{3ABBB356-C3D2-4BF4-A183-F10C84473453}.Debug|Any CPU.Build.0 = Debug|Any CPU
		{3ABBB356-C3D2-4BF4-A183-F10C84473453}.Release|Any CPU.ActiveCfg = Release|Any CPU
		{3ABBB356-C3D2-4BF4-A183-F10C84473453}.Release|Any CPU.Build.0 = Release|Any CPU
		{BDFC5D7D-5AD0-45B9-BF94-21D130F73EB5}.Debug|Any CPU.ActiveCfg = Debug|Any CPU
		{BDFC5D7D-5AD0-45B9-BF94-21D130F73EB5}.Debug|Any CPU.Build.0 = Debug|Any CPU
		{BDFC5D7D-5AD0-45B9-BF94-21D130F73EB5}.Release|Any CPU.ActiveCfg = Release|Any CPU
		{BDFC5D7D-5AD0-45B9-BF94-21D130F73EB5}.Release|Any CPU.Build.0 = Release|Any CPU
		{E3B27499-1CAD-482D-A8CF-7D4070C50D5E}.Debug|Any CPU.ActiveCfg = Debug|Any CPU
		{E3B27499-1CAD-482D-A8CF-7D4070C50D5E}.Debug|Any CPU.Build.0 = Debug|Any CPU
		{E3B27499-1CAD-482D-A8CF-7D4070C50D5E}.Release|Any CPU.ActiveCfg = Release|Any CPU
		{E3B27499-1CAD-482D-A8CF-7D4070C50D5E}.Release|Any CPU.Build.0 = Release|Any CPU
		{B1CDCCD6-42C2-4142-A2C8-1821BAC0BE3D}.Debug|Any CPU.ActiveCfg = Debug|Any CPU
		{B1CDCCD6-42C2-4142-A2C8-1821BAC0BE3D}.Debug|Any CPU.Build.0 = Debug|Any CPU
		{B1CDCCD6-42C2-4142-A2C8-1821BAC0BE3D}.Release|Any CPU.ActiveCfg = Release|Any CPU
		{B1CDCCD6-42C2-4142-A2C8-1821BAC0BE3D}.Release|Any CPU.Build.0 = Release|Any CPU
	EndGlobalSection
	GlobalSection(SolutionProperties) = preSolution
		HideSolutionNode = FALSE
	EndGlobalSection
	GlobalSection(NestedProjects) = preSolution
		{E3B27499-1CAD-482D-A8CF-7D4070C50D5E} = {A8DA6965-040E-4E53-9330-F0C48504035F}
		{B1CDCCD6-42C2-4142-A2C8-1821BAC0BE3D} = {A8DA6965-040E-4E53-9330-F0C48504035F}
	EndGlobalSection
	GlobalSection(ExtensibilityGlobals) = postSolution
		SolutionGuid = {9A91E05A-FF4A-451A-A661-952032D4A043}
	EndGlobalSection
EndGlobal
